
Microsoft Visual Studio Solution File, Format Version 12.00
Project("{FAE04EC0-301F-11D3-BF4B-00C04F79EFBC}") = "RssGenerator", "RssGenerator\RssGenerator.csproj", "{94D41260-2299-4F9F-969E-23E9BFCD9B62}"
EndProject
Project("{FAE04EC0-301F-11D3-BF4B-00C04F79EFBC}") = "RssStation", "RssStation\RssStation.csproj", "{CD9722B3-FE5E-4D99-92E4-1728119BD7BD}"
EndProject
Project("{FAE04EC0-301F-11D3-BF4B-00C04F79EFBC}") = "RssSharedLibrary", "RssSharedLibrary\RssSharedLibrary.csproj", "{32A895D0-965A-46D3-9B4E-438FB98DF097}"
EndProject
Global
	GlobalSection(SolutionConfigurationPlatforms) = preSolution
		Debug|Any CPU = Debug|Any CPU
		Release|Any CPU = Release|Any CPU
	EndGlobalSection
	GlobalSection(ProjectConfigurationPlatforms) = postSolution
		{94D41260-2299-4F9F-969E-23E9BFCD9B62}.Debug|Any CPU.ActiveCfg = Debug|Any CPU
		{94D41260-2299-4F9F-969E-23E9BFCD9B62}.Debug|Any CPU.Build.0 = Debug|Any CPU
		{94D41260-2299-4F9F-969E-23E9BFCD9B62}.Release|Any CPU.ActiveCfg = Release|Any CPU
		{94D41260-2299-4F9F-969E-23E9BFCD9B62}.Release|Any CPU.Build.0 = Release|Any CPU
		{CD9722B3-FE5E-4D99-92E4-1728119BD7BD}.Debug|Any CPU.ActiveCfg = Debug|Any CPU
		{CD9722B3-FE5E-4D99-92E4-1728119BD7BD}.Debug|Any CPU.Build.0 = Debug|Any CPU
		{CD9722B3-FE5E-4D99-92E4-1728119BD7BD}.Release|Any CPU.ActiveCfg = Release|Any CPU
		{CD9722B3-FE5E-4D99-92E4-1728119BD7BD}.Release|Any CPU.Build.0 = Release|Any CPU
		{32A895D0-965A-46D3-9B4E-438FB98DF097}.Debug|Any CPU.ActiveCfg = Debug|Any CPU
		{32A895D0-965A-46D3-9B4E-438FB98DF097}.Debug|Any CPU.Build.0 = Debug|Any CPU
		{32A895D0-965A-46D3-9B4E-438FB98DF097}.Release|Any CPU.ActiveCfg = Release|Any CPU
		{32A895D0-965A-46D3-9B4E-438FB98DF097}.Release|Any CPU.Build.0 = Release|Any CPU
	EndGlobalSection
EndGlobal
